
Microsoft Visual Studio Solution File, Format Version 12.00
# Visual Studio 15
VisualStudioVersion = 15.0.26730.12
MinimumVisualStudioVersion = 10.0.40219.1
Project("{8BC9CEB8-8B4A-11D0-8D11-00A0C91BC942}") = "fifteenthProblem", "fifteenthProblem\fifteenthProblem.vcxproj", "{627E92B6-28D3-40F3-889B-4454BD8D985F}"
EndProject
Global
	GlobalSection(SolutionConfigurationPlatforms) = preSolution
		Debug|x64 = Debug|x64
		Debug|x86 = Debug|x86
		Release|x64 = Release|x64
		Release|x86 = Release|x86
	EndGlobalSection
	GlobalSection(ProjectConfigurationPlatforms) = postSolution
		{627E92B6-28D3-40F3-889B-4454BD8D985F}.Debug|x64.ActiveCfg = Debug|x64
		{627E92B6-28D3-40F3-889B-4454BD8D985F}.Debug|x64.Build.0 = Debug|x64
		{627E92B6-28D3-40F3-889B-4454BD8D985F}.Debug|x86.ActiveCfg = Debug|Win32
		{627E92B6-28D3-40F3-889B-4454BD8D985F}.Debug|x86.Build.0 = Debug|Win32
		{627E92B6-28D3-40F3-889B-4454BD8D985F}.Release|x64.ActiveCfg = Release|x64
		{627E92B6-28D3-40F3-889B-4454BD8D985F}.Release|x64.Build.0 = Release|x64
		{627E92B6-28D3-40F3-889B-4454BD8D985F}.Release|x86.ActiveCfg = Release|Win32
		{627E92B6-28D3-40F3-889B-4454BD8D985F}.Release|x86.Build.0 = Release|Win32
	EndGlobalSection
	GlobalSection(SolutionProperties) = preSolution
		HideSolutionNode = FALSE
	EndGlobalSection
	GlobalSection(ExtensibilityGlobals) = postSolution
		SolutionGuid = {8A95B533-298A-425B-B85D-2F879947AAAF}
	EndGlobalSection
EndGlobal
